
Microsoft Visual Studio Solution File, Format Version 12.00
# Visual Studio Version 17
VisualStudioVersion = 17.13.35617.110 d17.13
MinimumVisualStudioVersion = 10.0.40219.1
Project("{FAE04EC0-301F-11D3-BF4B-00C04F79EFBC}") = "CatalogApi", "CatalogApi\CatalogApi.csproj", "{99C3F109-29CF-4E68-B71D-CC71556DD007}"
EndProject
Project("{FAE04EC0-301F-11D3-BF4B-00C04F79EFBC}") = "CatalogClient", "CatalogClient\CatalogClient.csproj", "{2713AA81-04A0-4452-A465-EBB17A974F6B}"
EndProject
Global
	GlobalSection(SolutionConfigurationPlatforms) = preSolution
		Debug|Any CPU = Debug|Any CPU
		Release|Any CPU = Release|Any CPU
	EndGlobalSection
	GlobalSection(ProjectConfigurationPlatforms) = postSolution
		{99C3F109-29CF-4E68-B71D-CC71556DD007}.Debug|Any CPU.ActiveCfg = Debug|Any CPU
		{99C3F109-29CF-4E68-B71D-CC71556DD007}.Debug|Any CPU.Build.0 = Debug|Any CPU
		{99C3F109-29CF-4E68-B71D-CC71556DD007}.Release|Any CPU.ActiveCfg = Release|Any CPU
		{99C3F109-29CF-4E68-B71D-CC71556DD007}.Release|Any CPU.Build.0 = Release|Any CPU
		{2713AA81-04A0-4452-A465-EBB17A974F6B}.Debug|Any CPU.ActiveCfg = Debug|Any CPU
		{2713AA81-04A0-4452-A465-EBB17A974F6B}.Debug|Any CPU.Build.0 = Debug|Any CPU
		{2713AA81-04A0-4452-A465-EBB17A974F6B}.Release|Any CPU.ActiveCfg = Release|Any CPU
		{2713AA81-04A0-4452-A465-EBB17A974F6B}.Release|Any CPU.Build.0 = Release|Any CPU
	EndGlobalSection
	GlobalSection(SolutionProperties) = preSolution
		HideSolutionNode = FALSE
	EndGlobalSection
	GlobalSection(ExtensibilityGlobals) = postSolution
		SolutionGuid = {09D08710-1B56-4338-B1A3-C7A0A60A23CD}
	EndGlobalSection
EndGlobal
